{
  "pins" : [
    {
      "identity" : "simpleexample",
      "kind" : "remoteSourceControl",
      "location" : "https://github.com/ambas/SimpleExample",
      "state" : {
        "branch" : "main",
        "revision" : "5b7136e5fefcc7b0f6fa330aa59b39a783ff5eb6"
      }
    },
    {
      "identity" : "simplesegmentedcontrol",
      "kind" : "remoteSourceControl",
      "location" : "https://github.com/ambas/SimpleSegmentedControl",
      "state" : {
        "branch" : "main",
        "revision" : "f880da3f56941f91b83d74d42a20261864f58ad0"
      }
    }
  ],
  "version" : 2
}
